
Microsoft Visual Studio Solution File, Format Version 12.00
# Visual Studio Version 17
VisualStudioVersion = 17.10.34916.146
MinimumVisualStudioVersion = 10.0.40219.1
Project("{9A19103F-16F7-4668-BE54-9A1E7A4F7556}") = "ManageMoney.Domain", "ManageMoney.Domain\ManageMoney.Domain.csproj", "{FF3FDE87-6B62-430B-93AE-1A5544191658}"
EndProject
Project("{2150E333-8FDC-42A3-9474-1A3956D46DE8}") = "WebApplication", "WebApplication", "{870D2794-73E0-445B-BC9A-EA9C1B6FD3E4}"
EndProject
Project("{2150E333-8FDC-42A3-9474-1A3956D46DE8}") = "src", "src", "{D9832627-1275-4DB0-B9EE-CDD01CA6A9BF}"
EndProject
Project("{2150E333-8FDC-42A3-9474-1A3956D46DE8}") = "Core", "Core", "{C6785202-668F-4A7E-8377-6A88069004DA}"
EndProject
Project("{2150E333-8FDC-42A3-9474-1A3956D46DE8}") = "Infraestructure", "Infraestructure", "{B1CFE1CF-A479-46B8-BAB4-9ACE83C5D8C8}"
EndProject
Project("{9A19103F-16F7-4668-BE54-9A1E7A4F7556}") = "ManageMoney.Infraestrucutre", "ManageMoney.Infraestrucutre\ManageMoney.Infraestrucutre.csproj", "{F1846E34-F17D-4FA0-9E46-58BCF5900EAF}"
EndProject
Project("{2150E333-8FDC-42A3-9474-1A3956D46DE8}") = "Dependency", "Dependency", "{4FAB5C58-53DA-4B96-83AB-9237F980F929}"
EndProject
Project("{9A19103F-16F7-4668-BE54-9A1E7A4F7556}") = "ManageMoney.IoC", "ManageMoney.IoC\ManageMoney.IoC.csproj", "{66F9727B-E1E5-4484-91D7-C573AD0B016E}"
EndProject
Project("{2150E333-8FDC-42A3-9474-1A3956D46DE8}") = "Application", "Application", "{BEA0D665-A61A-43BF-B8B4-754139627327}"
EndProject
Project("{FAE04EC0-301F-11D3-BF4B-00C04F79EFBC}") = "ManageMoney.Application", "ManageMoney.Application\ManageMoney.Application.csproj", "{691493EA-7C87-47DC-A26A-F13F2028A0F1}"
EndProject
Global
	GlobalSection(SolutionConfigurationPlatforms) = preSolution
		Debug|Any CPU = Debug|Any CPU
		Release|Any CPU = Release|Any CPU
	EndGlobalSection
	GlobalSection(ProjectConfigurationPlatforms) = postSolution
		{FF3FDE87-6B62-430B-93AE-1A5544191658}.Debug|Any CPU.ActiveCfg = Debug|Any CPU
		{FF3FDE87-6B62-430B-93AE-1A5544191658}.Debug|Any CPU.Build.0 = Debug|Any CPU
		{FF3FDE87-6B62-430B-93AE-1A5544191658}.Release|Any CPU.ActiveCfg = Release|Any CPU
		{FF3FDE87-6B62-430B-93AE-1A5544191658}.Release|Any CPU.Build.0 = Release|Any CPU
		{F1846E34-F17D-4FA0-9E46-58BCF5900EAF}.Debug|Any CPU.ActiveCfg = Debug|Any CPU
		{F1846E34-F17D-4FA0-9E46-58BCF5900EAF}.Debug|Any CPU.Build.0 = Debug|Any CPU
		{F1846E34-F17D-4FA0-9E46-58BCF5900EAF}.Release|Any CPU.ActiveCfg = Release|Any CPU
		{F1846E34-F17D-4FA0-9E46-58BCF5900EAF}.Release|Any CPU.Build.0 = Release|Any CPU
		{66F9727B-E1E5-4484-91D7-C573AD0B016E}.Debug|Any CPU.ActiveCfg = Debug|Any CPU
		{66F9727B-E1E5-4484-91D7-C573AD0B016E}.Debug|Any CPU.Build.0 = Debug|Any CPU
		{66F9727B-E1E5-4484-91D7-C573AD0B016E}.Release|Any CPU.ActiveCfg = Release|Any CPU
		{66F9727B-E1E5-4484-91D7-C573AD0B016E}.Release|Any CPU.Build.0 = Release|Any CPU
		{691493EA-7C87-47DC-A26A-F13F2028A0F1}.Debug|Any CPU.ActiveCfg = Debug|Any CPU
		{691493EA-7C87-47DC-A26A-F13F2028A0F1}.Debug|Any CPU.Build.0 = Debug|Any CPU
		{691493EA-7C87-47DC-A26A-F13F2028A0F1}.Release|Any CPU.ActiveCfg = Release|Any CPU
		{691493EA-7C87-47DC-A26A-F13F2028A0F1}.Release|Any CPU.Build.0 = Release|Any CPU
	EndGlobalSection
	GlobalSection(SolutionProperties) = preSolution
		HideSolutionNode = FALSE
	EndGlobalSection
	GlobalSection(NestedProjects) = preSolution
		{FF3FDE87-6B62-430B-93AE-1A5544191658} = {C6785202-668F-4A7E-8377-6A88069004DA}
		{D9832627-1275-4DB0-B9EE-CDD01CA6A9BF} = {870D2794-73E0-445B-BC9A-EA9C1B6FD3E4}
		{C6785202-668F-4A7E-8377-6A88069004DA} = {D9832627-1275-4DB0-B9EE-CDD01CA6A9BF}
		{B1CFE1CF-A479-46B8-BAB4-9ACE83C5D8C8} = {D9832627-1275-4DB0-B9EE-CDD01CA6A9BF}
		{F1846E34-F17D-4FA0-9E46-58BCF5900EAF} = {B1CFE1CF-A479-46B8-BAB4-9ACE83C5D8C8}
		{4FAB5C58-53DA-4B96-83AB-9237F980F929} = {B1CFE1CF-A479-46B8-BAB4-9ACE83C5D8C8}
		{66F9727B-E1E5-4484-91D7-C573AD0B016E} = {4FAB5C58-53DA-4B96-83AB-9237F980F929}
		{BEA0D665-A61A-43BF-B8B4-754139627327} = {D9832627-1275-4DB0-B9EE-CDD01CA6A9BF}
		{691493EA-7C87-47DC-A26A-F13F2028A0F1} = {BEA0D665-A61A-43BF-B8B4-754139627327}
	EndGlobalSection
	GlobalSection(ExtensibilityGlobals) = postSolution
		SolutionGuid = {8BDD2255-E032-4DDF-BF1D-0CBDCE04393C}
	EndGlobalSection
EndGlobal
